
Microsoft Visual Studio Solution File, Format Version 12.00
# Visual Studio Version 17
VisualStudioVersion = 17.7.34221.43
MinimumVisualStudioVersion = 10.0.40219.1
Project("{9A19103F-16F7-4668-BE54-9A1E7A4F7556}") = "DagoniteEmpire", "DagoniteEmpire\DagoniteEmpire.csproj", "{BAA4D80F-73D9-4992-8B9A-37099FA2329B}"
EndProject
Project("{9A19103F-16F7-4668-BE54-9A1E7A4F7556}") = "DA_DataAccess", "DA_DataAccess\DA_DataAccess.csproj", "{58C1264F-EAFB-4CFE-AFDF-B3BC139AF1A4}"
EndProject
Project("{FAE04EC0-301F-11D3-BF4B-00C04F79EFBC}") = "DA_Business", "DA_Business\DA_Business.csproj", "{AEA85D17-84DB-49AB-8056-4F7AA3A8EE77}"
EndProject
Project("{FAE04EC0-301F-11D3-BF4B-00C04F79EFBC}") = "DA_Common", "DA_Common\DA_Common.csproj", "{990007B7-6DA8-4ECB-B23F-DD83353FB1E1}"
EndProject
Project("{FAE04EC0-301F-11D3-BF4B-00C04F79EFBC}") = "DA_Models", "DA_Models\DA_Models.csproj", "{EF058FDF-BAE1-444C-B6CC-0018E35CAC8D}"
EndProject
Global
	GlobalSection(SolutionConfigurationPlatforms) = preSolution
		Debug|Any CPU = Debug|Any CPU
		Release|Any CPU = Release|Any CPU
	EndGlobalSection
	GlobalSection(ProjectConfigurationPlatforms) = postSolution
		{BAA4D80F-73D9-4992-8B9A-37099FA2329B}.Debug|Any CPU.ActiveCfg = Debug|Any CPU
		{BAA4D80F-73D9-4992-8B9A-37099FA2329B}.Debug|Any CPU.Build.0 = Debug|Any CPU
		{BAA4D80F-73D9-4992-8B9A-37099FA2329B}.Release|Any CPU.ActiveCfg = Release|Any CPU
		{BAA4D80F-73D9-4992-8B9A-37099FA2329B}.Release|Any CPU.Build.0 = Release|Any CPU
		{58C1264F-EAFB-4CFE-AFDF-B3BC139AF1A4}.Debug|Any CPU.ActiveCfg = Debug|Any CPU
		{58C1264F-EAFB-4CFE-AFDF-B3BC139AF1A4}.Debug|Any CPU.Build.0 = Debug|Any CPU
		{58C1264F-EAFB-4CFE-AFDF-B3BC139AF1A4}.Release|Any CPU.ActiveCfg = Release|Any CPU
		{58C1264F-EAFB-4CFE-AFDF-B3BC139AF1A4}.Release|Any CPU.Build.0 = Release|Any CPU
		{AEA85D17-84DB-49AB-8056-4F7AA3A8EE77}.Debug|Any CPU.ActiveCfg = Debug|Any CPU
		{AEA85D17-84DB-49AB-8056-4F7AA3A8EE77}.Debug|Any CPU.Build.0 = Debug|Any CPU
		{AEA85D17-84DB-49AB-8056-4F7AA3A8EE77}.Release|Any CPU.ActiveCfg = Release|Any CPU
		{AEA85D17-84DB-49AB-8056-4F7AA3A8EE77}.Release|Any CPU.Build.0 = Release|Any CPU
		{990007B7-6DA8-4ECB-B23F-DD83353FB1E1}.Debug|Any CPU.ActiveCfg = Debug|Any CPU
		{990007B7-6DA8-4ECB-B23F-DD83353FB1E1}.Debug|Any CPU.Build.0 = Debug|Any CPU
		{990007B7-6DA8-4ECB-B23F-DD83353FB1E1}.Release|Any CPU.ActiveCfg = Release|Any CPU
		{990007B7-6DA8-4ECB-B23F-DD83353FB1E1}.Release|Any CPU.Build.0 = Release|Any CPU
		{EF058FDF-BAE1-444C-B6CC-0018E35CAC8D}.Debug|Any CPU.ActiveCfg = Debug|Any CPU
		{EF058FDF-BAE1-444C-B6CC-0018E35CAC8D}.Debug|Any CPU.Build.0 = Debug|Any CPU
		{EF058FDF-BAE1-444C-B6CC-0018E35CAC8D}.Release|Any CPU.ActiveCfg = Release|Any CPU
		{EF058FDF-BAE1-444C-B6CC-0018E35CAC8D}.Release|Any CPU.Build.0 = Release|Any CPU
	EndGlobalSection
	GlobalSection(SolutionProperties) = preSolution
		HideSolutionNode = FALSE
	EndGlobalSection
	GlobalSection(ExtensibilityGlobals) = postSolution
		SolutionGuid = {16A39485-5A23-43C0-A191-6049F4349A60}
	EndGlobalSection
EndGlobal
